
Microsoft Visual Studio Solution File, Format Version 11.00
# Visual Studio 2010
Project("{FAE04EC0-301F-11D3-BF4B-00C04F79EFBC}") = "Assembly-CSharp", "Assembly-CSharp.csproj", "{86FA1814-1C49-2F67-3D2E-9FAF88DD051B}"
EndProject
Project("{FAE04EC0-301F-11D3-BF4B-00C04F79EFBC}") = "Oculus.VR", "Oculus.VR.csproj", "{08D7AF6E-9933-2C12-C9C2-7F01B3F1D8B1}"
EndProject
Project("{FAE04EC0-301F-11D3-BF4B-00C04F79EFBC}") = "Oculus.Platform", "Oculus.Platform.csproj", "{A98F37FB-9273-E4CE-B521-BA748F74A176}"
EndProject
Project("{FAE04EC0-301F-11D3-BF4B-00C04F79EFBC}") = "Assembly-CSharp-Editor", "Assembly-CSharp-Editor.csproj", "{683816D7-6426-1022-D128-FCD4788A846C}"
EndProject
Project("{FAE04EC0-301F-11D3-BF4B-00C04F79EFBC}") = "Oculus.VR.Scripts.Editor", "Oculus.VR.Scripts.Editor.csproj", "{D8F97ABE-5503-6D0D-061E-482860EB9D85}"
EndProject
Project("{FAE04EC0-301F-11D3-BF4B-00C04F79EFBC}") = "Oculus.VR.Editor", "Oculus.VR.Editor.csproj", "{349FE19B-1DA6-A9EA-F81E-F232C26F7CD2}"
EndProject
Project("{FAE04EC0-301F-11D3-BF4B-00C04F79EFBC}") = "Oculus.Platform.Editor", "Oculus.Platform.Editor.csproj", "{5A58B5B3-A69A-AC18-B2BE-ED538EA32056}"
EndProject
Global
	GlobalSection(SolutionConfigurationPlatforms) = preSolution
		Debug|Any CPU = Debug|Any CPU
		Release|Any CPU = Release|Any CPU
	EndGlobalSection
	GlobalSection(ProjectConfigurationPlatforms) = postSolution
		{86FA1814-1C49-2F67-3D2E-9FAF88DD051B}.Debug|Any CPU.ActiveCfg = Debug|Any CPU
		{86FA1814-1C49-2F67-3D2E-9FAF88DD051B}.Debug|Any CPU.Build.0 = Debug|Any CPU
		{86FA1814-1C49-2F67-3D2E-9FAF88DD051B}.Release|Any CPU.ActiveCfg = Release|Any CPU
		{86FA1814-1C49-2F67-3D2E-9FAF88DD051B}.Release|Any CPU.Build.0 = Release|Any CPU
		{08D7AF6E-9933-2C12-C9C2-7F01B3F1D8B1}.Debug|Any CPU.ActiveCfg = Debug|Any CPU
		{08D7AF6E-9933-2C12-C9C2-7F01B3F1D8B1}.Debug|Any CPU.Build.0 = Debug|Any CPU
		{08D7AF6E-9933-2C12-C9C2-7F01B3F1D8B1}.Release|Any CPU.ActiveCfg = Release|Any CPU
		{08D7AF6E-9933-2C12-C9C2-7F01B3F1D8B1}.Release|Any CPU.Build.0 = Release|Any CPU
		{A98F37FB-9273-E4CE-B521-BA748F74A176}.Debug|Any CPU.ActiveCfg = Debug|Any CPU
		{A98F37FB-9273-E4CE-B521-BA748F74A176}.Debug|Any CPU.Build.0 = Debug|Any CPU
		{A98F37FB-9273-E4CE-B521-BA748F74A176}.Release|Any CPU.ActiveCfg = Release|Any CPU
		{A98F37FB-9273-E4CE-B521-BA748F74A176}.Release|Any CPU.Build.0 = Release|Any CPU
		{683816D7-6426-1022-D128-FCD4788A846C}.Debug|Any CPU.ActiveCfg = Debug|Any CPU
		{683816D7-6426-1022-D128-FCD4788A846C}.Debug|Any CPU.Build.0 = Debug|Any CPU
		{683816D7-6426-1022-D128-FCD4788A846C}.Release|Any CPU.ActiveCfg = Release|Any CPU
		{683816D7-6426-1022-D128-FCD4788A846C}.Release|Any CPU.Build.0 = Release|Any CPU
		{D8F97ABE-5503-6D0D-061E-482860EB9D85}.Debug|Any CPU.ActiveCfg = Debug|Any CPU
		{D8F97ABE-5503-6D0D-061E-482860EB9D85}.Debug|Any CPU.Build.0 = Debug|Any CPU
		{D8F97ABE-5503-6D0D-061E-482860EB9D85}.Release|Any CPU.ActiveCfg = Release|Any CPU
		{D8F97ABE-5503-6D0D-061E-482860EB9D85}.Release|Any CPU.Build.0 = Release|Any CPU
		{349FE19B-1DA6-A9EA-F81E-F232C26F7CD2}.Debug|Any CPU.ActiveCfg = Debug|Any CPU
		{349FE19B-1DA6-A9EA-F81E-F232C26F7CD2}.Debug|Any CPU.Build.0 = Debug|Any CPU
		{349FE19B-1DA6-A9EA-F81E-F232C26F7CD2}.Release|Any CPU.ActiveCfg = Release|Any CPU
		{349FE19B-1DA6-A9EA-F81E-F232C26F7CD2}.Release|Any CPU.Build.0 = Release|Any CPU
		{5A58B5B3-A69A-AC18-B2BE-ED538EA32056}.Debug|Any CPU.ActiveCfg = Debug|Any CPU
		{5A58B5B3-A69A-AC18-B2BE-ED538EA32056}.Debug|Any CPU.Build.0 = Debug|Any CPU
		{5A58B5B3-A69A-AC18-B2BE-ED538EA32056}.Release|Any CPU.ActiveCfg = Release|Any CPU
		{5A58B5B3-A69A-AC18-B2BE-ED538EA32056}.Release|Any CPU.Build.0 = Release|Any CPU
	EndGlobalSection
	GlobalSection(SolutionProperties) = preSolution
		HideSolutionNode = FALSE
	EndGlobalSection
EndGlobal
